
Microsoft Visual Studio Solution File, Format Version 12.00
# Visual Studio Version 17
VisualStudioVersion = 17.5.33627.172
MinimumVisualStudioVersion = 10.0.40219.1
Project("{FAE04EC0-301F-11D3-BF4B-00C04F79EFBC}") = "RadVolonteraDodatni", "RadVolonteraDodatni\RadVolonteraDodatni.csproj", "{0FE0CF13-24A5-44CC-8407-51104252F68F}"
EndProject
Global
	GlobalSection(SolutionConfigurationPlatforms) = preSolution
		Debug|Any CPU = Debug|Any CPU
		Release|Any CPU = Release|Any CPU
	EndGlobalSection
	GlobalSection(ProjectConfigurationPlatforms) = postSolution
		{0FE0CF13-24A5-44CC-8407-51104252F68F}.Debug|Any CPU.ActiveCfg = Debug|Any CPU
		{0FE0CF13-24A5-44CC-8407-51104252F68F}.Debug|Any CPU.Build.0 = Debug|Any CPU
		{0FE0CF13-24A5-44CC-8407-51104252F68F}.Release|Any CPU.ActiveCfg = Release|Any CPU
		{0FE0CF13-24A5-44CC-8407-51104252F68F}.Release|Any CPU.Build.0 = Release|Any CPU
	EndGlobalSection
	GlobalSection(SolutionProperties) = preSolution
		HideSolutionNode = FALSE
	EndGlobalSection
	GlobalSection(ExtensibilityGlobals) = postSolution
		SolutionGuid = {A98FCEF2-B6D9-41DA-BE0F-6CABCE19F743}
	EndGlobalSection
EndGlobal
